{
  "requires": true,
  "lockfileVersion": 1,
  "dependencies": {
    "canvg-browser": {
      "version": "1.0.0",
      "resolved": "https://registry.npmjs.org/canvg-browser/-/canvg-browser-1.0.0.tgz",
      "integrity": "sha1-xjy1qeegxwaYqch3g0c+YJFepIM=",
      "requires": {
        "rgbcolor": "0.0.4",
        "stackblur": "^1.0.0",
        "xmldom": "^0.1.22"
      }
    },
    "draw2d": {
      "version": "1.0.19",
      "resolved": "https://registry.npmjs.org/draw2d/-/draw2d-1.0.19.tgz",
      "integrity": "sha512-taYX+ctEaBaoCsEecKya1H4Op21h4YLj41iPOkR69CI5PCOhrTKgB61091z4QdkhzLPmB1VrrcX1zWh4erxkzA==",
      "requires": {
        "canvg-browser": "1.0.0",
        "shifty": "2.3.1"
      }
    },
    "object-assign": {
      "version": "4.1.1",
      "resolved": "https://registry.npmjs.org/object-assign/-/object-assign-4.1.1.tgz",
      "integrity": "sha1-IQmtx5ZYh8/AXLvUQsrIv7s2CGM="
    },
    "rgbcolor": {
      "version": "0.0.4",
      "resolved": "https://registry.npmjs.org/rgbcolor/-/rgbcolor-0.0.4.tgz",
      "integrity": "sha1-ygRhWi0D62Hknyp18jmkb7d9ix0="
    },
    "shifty": {
      "version": "2.3.1",
      "resolved": "https://registry.npmjs.org/shifty/-/shifty-2.3.1.tgz",
      "integrity": "sha512-WBN+aCbg3prUBpUacdrfRuG5o5fgzcEi0wlXoUM3usrqrU0znL/RcWyhCXD86ieSZi0ASJYqjgzeEXvtz9vRYA==",
      "requires": {
        "object-assign": "^4.1.1"
      }
    },
    "stackblur": {
      "version": "1.0.0",
      "resolved": "https://registry.npmjs.org/stackblur/-/stackblur-1.0.0.tgz",
      "integrity": "sha1-tAen4FyTsI1miDu4CNfLo6UD8S8="
    },
    "xmldom": {
      "version": "0.1.27",
      "resolved": "https://registry.npmjs.org/xmldom/-/xmldom-0.1.27.tgz",
      "integrity": "sha1-1QH5ezvbQDr4757MIFcxh6rawOk="
    }
  }
}
